
Microsoft Visual Studio Solution File, Format Version 12.00
# Visual Studio Version 17
VisualStudioVersion = 17.1.32228.430
MinimumVisualStudioVersion = 10.0.40219.1
Project("{FAE04EC0-301F-11D3-BF4B-00C04F79EFBC}") = "The Kahoot Virus", "The Kahoot Virus.csproj", "{B5F66A58-6E45-4D80-BFFD-A4BDE044886E}"
EndProject
Global
	GlobalSection(SolutionConfigurationPlatforms) = preSolution
		Debug|Any CPU = Debug|Any CPU
		Release|Any CPU = Release|Any CPU
	EndGlobalSection
	GlobalSection(ProjectConfigurationPlatforms) = postSolution
		{B5F66A58-6E45-4D80-BFFD-A4BDE044886E}.Debug|Any CPU.ActiveCfg = Debug|Any CPU
		{B5F66A58-6E45-4D80-BFFD-A4BDE044886E}.Debug|Any CPU.Build.0 = Debug|Any CPU
		{B5F66A58-6E45-4D80-BFFD-A4BDE044886E}.Release|Any CPU.ActiveCfg = Release|Any CPU
		{B5F66A58-6E45-4D80-BFFD-A4BDE044886E}.Release|Any CPU.Build.0 = Release|Any CPU
	EndGlobalSection
	GlobalSection(SolutionProperties) = preSolution
		HideSolutionNode = FALSE
	EndGlobalSection
	GlobalSection(ExtensibilityGlobals) = postSolution
		SolutionGuid = {CF376E48-5C92-46DD-98D2-EE863B5DFE6D}
	EndGlobalSection
EndGlobal
